
Microsoft Visual Studio Solution File, Format Version 12.00
Project("{FAE04EC0-301F-11D3-BF4B-00C04F79EFBC}") = "DomainDocumentation.Attributes", "src\DomainDocumentation.Attributes\DomainDocumentation.Attributes.csproj", "{601140EF-FD07-4830-B03E-906BC33915A3}"
EndProject
Project("{FAE04EC0-301F-11D3-BF4B-00C04F79EFBC}") = "DomainDocumentation.SampleDomain", "src\DomainDocumentation.SampleDomain\DomainDocumentation.SampleDomain.csproj", "{F4A5D129-DD3C-49A3-BEBB-A09AB06EFE36}"
EndProject
Project("{FAE04EC0-301F-11D3-BF4B-00C04F79EFBC}") = "DomainDocumentation", "src\DomainDocumentation\DomainDocumentation.csproj", "{72E666B5-AEC3-4404-AA2F-57B61C516CBB}"
EndProject
Project("{FAE04EC0-301F-11D3-BF4B-00C04F79EFBC}") = "DomainDocumentation.UnitTest", "src\DomainDocumentation.UnitTest\DomainDocumentation.UnitTest.csproj", "{708E24C5-54F4-47AD-B644-9BDF1DFB6056}"
EndProject
Project("{FAE04EC0-301F-11D3-BF4B-00C04F79EFBC}") = "DomainDocumentation.SampleConsole", "src\DomainDocumentation.SampleConsole\DomainDocumentation.SampleConsole.csproj", "{A961A149-6A8B-4831-87A4-60FA2905CBA6}"
EndProject
Project("{FAE04EC0-301F-11D3-BF4B-00C04F79EFBC}") = "PlantUML.TextEncoder", "src\PlantUML.TextEncoder\PlantUML.TextEncoder.csproj", "{089CC1A8-B7EA-4DAB-8A8B-B5CFCD60BA09}"
EndProject
Global
	GlobalSection(SolutionConfigurationPlatforms) = preSolution
		Debug|Any CPU = Debug|Any CPU
		Release|Any CPU = Release|Any CPU
	EndGlobalSection
	GlobalSection(ProjectConfigurationPlatforms) = postSolution
		{601140EF-FD07-4830-B03E-906BC33915A3}.Debug|Any CPU.ActiveCfg = Debug|Any CPU
		{601140EF-FD07-4830-B03E-906BC33915A3}.Debug|Any CPU.Build.0 = Debug|Any CPU
		{601140EF-FD07-4830-B03E-906BC33915A3}.Release|Any CPU.ActiveCfg = Release|Any CPU
		{601140EF-FD07-4830-B03E-906BC33915A3}.Release|Any CPU.Build.0 = Release|Any CPU
		{F4A5D129-DD3C-49A3-BEBB-A09AB06EFE36}.Debug|Any CPU.ActiveCfg = Debug|Any CPU
		{F4A5D129-DD3C-49A3-BEBB-A09AB06EFE36}.Debug|Any CPU.Build.0 = Debug|Any CPU
		{F4A5D129-DD3C-49A3-BEBB-A09AB06EFE36}.Release|Any CPU.ActiveCfg = Release|Any CPU
		{F4A5D129-DD3C-49A3-BEBB-A09AB06EFE36}.Release|Any CPU.Build.0 = Release|Any CPU
		{72E666B5-AEC3-4404-AA2F-57B61C516CBB}.Debug|Any CPU.ActiveCfg = Debug|Any CPU
		{72E666B5-AEC3-4404-AA2F-57B61C516CBB}.Debug|Any CPU.Build.0 = Debug|Any CPU
		{72E666B5-AEC3-4404-AA2F-57B61C516CBB}.Release|Any CPU.ActiveCfg = Release|Any CPU
		{72E666B5-AEC3-4404-AA2F-57B61C516CBB}.Release|Any CPU.Build.0 = Release|Any CPU
		{708E24C5-54F4-47AD-B644-9BDF1DFB6056}.Debug|Any CPU.ActiveCfg = Debug|Any CPU
		{708E24C5-54F4-47AD-B644-9BDF1DFB6056}.Debug|Any CPU.Build.0 = Debug|Any CPU
		{708E24C5-54F4-47AD-B644-9BDF1DFB6056}.Release|Any CPU.ActiveCfg = Release|Any CPU
		{708E24C5-54F4-47AD-B644-9BDF1DFB6056}.Release|Any CPU.Build.0 = Release|Any CPU
		{A961A149-6A8B-4831-87A4-60FA2905CBA6}.Debug|Any CPU.ActiveCfg = Debug|Any CPU
		{A961A149-6A8B-4831-87A4-60FA2905CBA6}.Debug|Any CPU.Build.0 = Debug|Any CPU
		{A961A149-6A8B-4831-87A4-60FA2905CBA6}.Release|Any CPU.ActiveCfg = Release|Any CPU
		{A961A149-6A8B-4831-87A4-60FA2905CBA6}.Release|Any CPU.Build.0 = Release|Any CPU
		{089CC1A8-B7EA-4DAB-8A8B-B5CFCD60BA09}.Debug|Any CPU.ActiveCfg = Debug|Any CPU
		{089CC1A8-B7EA-4DAB-8A8B-B5CFCD60BA09}.Debug|Any CPU.Build.0 = Debug|Any CPU
		{089CC1A8-B7EA-4DAB-8A8B-B5CFCD60BA09}.Release|Any CPU.ActiveCfg = Release|Any CPU
		{089CC1A8-B7EA-4DAB-8A8B-B5CFCD60BA09}.Release|Any CPU.Build.0 = Release|Any CPU
	EndGlobalSection
EndGlobal
